
Microsoft Visual Studio Solution File, Format Version 12.00
# Visual Studio 2015
Project("{FAE04EC0-301F-11D3-BF4B-00C04F79EFBC}") = "MazeVR", "MazeVR.csproj", "{78A6E078-397F-B6F6-D002-A7345B3D64B4}"
EndProject
Project("{FAE04EC0-301F-11D3-BF4B-00C04F79EFBC}") = "MazeVR.Editor", "MazeVR.Editor.csproj", "{E5AAE46E-236D-3935-6978-D630391095F9}"
EndProject
Global
	GlobalSection(SolutionConfigurationPlatforms) = preSolution
		Debug|Any CPU = Debug|Any CPU
		Release|Any CPU = Release|Any CPU
	EndGlobalSection
	GlobalSection(ProjectConfigurationPlatforms) = postSolution
		{78A6E078-397F-B6F6-D002-A7345B3D64B4}.Debug|Any CPU.ActiveCfg = Debug|Any CPU
		{78A6E078-397F-B6F6-D002-A7345B3D64B4}.Debug|Any CPU.Build.0 = Debug|Any CPU
		{78A6E078-397F-B6F6-D002-A7345B3D64B4}.Release|Any CPU.ActiveCfg = Release|Any CPU
		{78A6E078-397F-B6F6-D002-A7345B3D64B4}.Release|Any CPU.Build.0 = Release|Any CPU
		{E5AAE46E-236D-3935-6978-D630391095F9}.Debug|Any CPU.ActiveCfg = Debug|Any CPU
		{E5AAE46E-236D-3935-6978-D630391095F9}.Debug|Any CPU.Build.0 = Debug|Any CPU
		{E5AAE46E-236D-3935-6978-D630391095F9}.Release|Any CPU.ActiveCfg = Release|Any CPU
		{E5AAE46E-236D-3935-6978-D630391095F9}.Release|Any CPU.Build.0 = Release|Any CPU
	EndGlobalSection
	GlobalSection(SolutionProperties) = preSolution
		HideSolutionNode = FALSE
	EndGlobalSection
EndGlobal
